github.com/klauspost/compress v1.18.6 h1:2jupLlAwFm95+YDR+NwD2MEfFO9d4z4Prjl1XXDjuao=
github.com/klauspost/compress v1.18.6/go.mod h1:cwPg85FWrGar70rWktvGQj8/hthj3wpl0PGDogxkrSQ=
github.com/nats-io/nats.go v1.52.0 h1:n3avV4VBsCgsdwh71TppsTwtv+QdPs7ntSKM8qJLGsc=
github.com/nats-io/nats.go v1.52.0/go.mod h1:26HypzazeOkyO3/mqd1zZd53STJN0EjCYF9Uy2ZOBno=
github.com/nats-io/nkeys v0.4.16 h1:rd5oAuLOb8mnAycB0xleuEBNS1pVVnN0fv/FF34Eypg=
github.com/nats-io/nkeys v0.4.16/go.mod h1:llLgWoI0o4z/Q57q2R1kHfmocyhGV6VG/U18Glg1Afs=
github.com/nats-io/nuid v1.0.1 h1:5iA8DT8V7q8WK2EScv2padNa/rTESc1KdnPw4TC2paw=
github.com/nats-io/nuid v1.0.1/go.mod h1:19wcPz3Ph3q0Jbyiqsd0kePYG7A95tJPxeL+1OSON2c=
github.com/tachyne/tachyne-common v0.1.1-0.20260922201648-62ad41f73c73 h1:v6gUfPz/zxKasyjLsP4Ib+xp4yvdlF7vlv49ywjjaEw=
github.com/tachyne/tachyne-common v0.1.1-0.20260922201648-62ad41f73c73/go.mod h1:0fDSCW2H9ZkF560RmWM3DFEPmW0PCdlvWdmxVVaINXU=
github.com/tachyne/tachyne-common v0.1.1-0.20260923071433-50376308b13a h1:C34pnZP2jkTrbcnu/My2oAiPlqKQd5ei6osjTQ+agGQ=
github.com/tachyne/tachyne-common v0.1.1-0.20260923071433-50376308b13a/go.mod h1:0fDSCW2H9ZkF560RmWM3DFEPmW0PCdlvWdmxVVaINXU=
github.com/tachyne/tachyne-common v0.1.1-0.20260923080552-49c50e00cc93 h1:pQHaLfvPgtdbktSgzYLsOqDUEaXwthf7XH8NnY/ArwI=
github.com/tachyne/tachyne-common v0.1.1-0.20260923080552-49c50e00cc93/go.mod h1:0fDSCW2H9ZkF560RmWM3DFEPmW0PCdlvWdmxVVaINXU=
github.com/tachyne/tachyne-common v0.1.1-0.20260923083158-e39f76eeb48e h1:XDoqwQsyADFq06Gnvg4xnBiQ3Jo+vxCpFJ/Xki0cWbE=
github.com/tachyne/tachyne-common v0.1.1-0.20260923083158-e39f76eeb48e/go.mod h1:0fDSCW2H9ZkF560RmWM3DFEPmW0PCdlvWdmxVVaINXU=
github.com/tachyne/tachyne-common v0.1.1-0.20260923113417-97c95bb5e83b h1:2bkwXAHt0DMpn9Llr06PspPQ+kuLYWtxcUdgySTleOw=
github.com/tachyne/tachyne-common v0.1.1-0.20260923113417-97c95bb5e83b/go.mod h1:0fDSCW2H9ZkF560RmWM3DFEPmW0PCdlvWdmxVVaINXU=
github.com/tachyne/tachyne-common v0.1.1-0.20260923114818-f01c9804dc89 h1:Ro6eRjTMkZi7+S0A4JjIEF3YUVNmw1c4lYrFSOdjwE0=
github.com/tachyne/tachyne-common v0.1.1-0.20260923114818-f01c9804dc89/go.mod h1:0fDSCW2H9ZkF560RmWM3DFEPmW0PCdlvWdmxVVaINXU=
github.com/tachyne/tachyne-common v0.1.1-0.20260923210312-6704127fcf7b h1:tZC26QcoaIHYMZJ0Q80iB8S6/pZPSchAj3/yTkNu5RQ=
github.com/tachyne/tachyne-common v0.1.1-0.20260923210312-6704127fcf7b/go.mod h1:0fDSCW2H9ZkF560RmWM3DFEPmW0PCdlvWdmxVVaINXU=
github.com/tachyne/tachyne-common v0.1.1-0.20260924053736-b508608e2601 h1:T45aAdYhAyomT606C5LitCJPT3R09a6sikxq4TOzmoM=
github.com/tachyne/tachyne-common v0.1.1-0.20260924053736-b508608e2601/go.mod h1:0fDSCW2H9ZkF560RmWM3DFEPmW0PCdlvWdmxVVaINXU=
github.com/tachyne/tachyne-common v0.1.1-0.20260924063354-ab35ec003234 h1:002PchCtrPIQ+mouHD+XKMCg/mD9XYH32M45jJbswZQ=
github.com/tachyne/tachyne-common v0.1.1-0.20260924063354-ab35ec003234/go.mod h1:0fDSCW2H9ZkF560RmWM3DFEPmW0PCdlvWdmxVVaINXU=
github.com/tachyne/tachyne-common v0.1.1-0.20260924133351-df26078af99c h1:XJPuzmy52Aqa3iPy2BBXtv1RAQbNGeN66FP7tcsjiLY=
github.com/tachyne/tachyne-common v0.1.1-0.20260924133351-df26078af99c/go.mod h1:0fDSCW2H9ZkF560RmWM3DFEPmW0PCdlvWdmxVVaINXU=
github.com/tachyne/tachyne-common v0.1.1-0.20260924141349-20d3d7f5ecce h1:pQDP6uiQyv9dRacI+w8JOdIesRd2fe5WTkl+sV+v4A8=
github.com/tachyne/tachyne-common v0.1.1-0.20260924141349-20d3d7f5ecce/go.mod h1:0fDSCW2H9ZkF560RmWM3DFEPmW0PCdlvWdmxVVaINXU=
github.com/tachyne/tachyne-common v0.1.1-0.20260925060840-fc690804a62d h1:1iyyih5oDgUzdosuUqMB7UGFFJnxRsB6vRzfkHRlZWo=
github.com/tachyne/tachyne-common v0.1.1-0.20260925060840-fc690804a62d/go.mod h1:0fDSCW2H9ZkF560RmWM3DFEPmW0PCdlvWdmxVVaINXU=
github.com/tachyne/tachyne-common v0.1.1-0.20260925072702-51492a3aba60 h1:zmG1jefZbPkD9hblaagg2QPt9TLzZbdATB/9KSSpNes=
github.com/tachyne/tachyne-common v0.1.1-0.20260925072702-51492a3aba60/go.mod h1:0fDSCW2H9ZkF560RmWM3DFEPmW0PCdlvWdmxVVaINXU=
github.com/tachyne/tachyne-common v0.1.1-0.20260925090953-56810c62ba24 h1:8LB7/HebAkwKlXTGV3beM0ELjgp1E2psImtM88NHpKw=
github.com/tachyne/tachyne-common v0.1.1-0.20260925090953-56810c62ba24/go.mod h1:0fDSCW2H9ZkF560RmWM3DFEPmW0PCdlvWdmxVVaINXU=
github.com/tachyne/tachyne-common v0.1.1-0.20260925091714-c0bf69dae207 h1:MRxvNTTq09AH4pNGVQvSQi8AeyoA8TZ/3jiTvK+hgQ8=
github.com/tachyne/tachyne-common v0.1.1-0.20260925091714-c0bf69dae207/go.mod h1:0fDSCW2H9ZkF560RmWM3DFEPmW0PCdlvWdmxVVaINXU=
github.com/tachyne/tachyne-common v0.1.1-0.20260925093244-ab27d0a38b11 h1:sAbgjKLefpuujmlPMFjtCKNiYBfRynoZHBtKy+RBIEg=
github.com/tachyne/tachyne-common v0.1.1-0.20260925093244-ab27d0a38b11/go.mod h1:0fDSCW2H9ZkF560RmWM3DFEPmW0PCdlvWdmxVVaINXU=
github.com/tachyne/tachyne-common v0.1.1-0.20260925094448-4912800061ea h1:IaPRIEleHX8xYK88itiejvkGoQ7NNStnqnLv92XhY4k=
github.com/tachyne/tachyne-common v0.1.1-0.20260925094448-4912800061ea/go.mod h1:0fDSCW2H9ZkF560RmWM3DFEPmW0PCdlvWdmxVVaINXU=
github.com/tachyne/tachyne-common v0.1.1-0.20260925095527-308a666f4620 h1:fvmidiGX6mdzdr0yPpqPtXS8HZGCs75V1IMRoNdT+EY=
github.com/tachyne/tachyne-common v0.1.1-0.20260925095527-308a666f4620/go.mod h1:0fDSCW2H9ZkF560RmWM3DFEPmW0PCdlvWdmxVVaINXU=
github.com/tachyne/tachyne-common v0.1.1-0.20260925111134-fa67f4aaaf45 h1:QW/J0sC/X0UNyoNX/NFr2eIcwqhDiVvLzaLeRh5P7ps=
github.com/tachyne/tachyne-common v0.1.1-0.20260925111134-fa67f4aaaf45/go.mod h1:0fDSCW2H9ZkF560RmWM3DFEPmW0PCdlvWdmxVVaINXU=
github.com/tachyne/tachyne-common v0.1.1-0.20260925113445-a526f9a5aa71 h1:tQBXGrajknS1kvq7lIbC7tciOVSEdPp+dbq6YS3e/Zs=
github.com/tachyne/tachyne-common v0.1.1-0.20260925113445-a526f9a5aa71/go.mod h1:0fDSCW2H9ZkF560RmWM3DFEPmW0PCdlvWdmxVVaINXU=
github.com/tachyne/tachyne-common v0.1.1-0.20260925115551-1361e0659228 h1:mOX7J5I/st+3Nwu0Q8Pcye/AY1atarURQSZw99xZ57s=
github.com/tachyne/tachyne-common v0.1.1-0.20260925115551-1361e0659228/go.mod h1:0fDSCW2H9ZkF560RmWM3DFEPmW0PCdlvWdmxVVaINXU=
github.com/tachyne/tachyne-common v0.1.1-0.20260925132541-481a9d8e8661 h1:NXkAcITGJTRthHQb6Td1EQwxbfO357Md66WKxQAqHsI=
github.com/tachyne/tachyne-common v0.1.1-0.20260925132541-481a9d8e8661/go.mod h1:0fDSCW2H9ZkF560RmWM3DFEPmW0PCdlvWdmxVVaINXU=
github.com/tachyne/tachyne-common v0.1.1-0.20260925133335-4f2c01f27216 h1:5Oki1ICsuhGsbBqweSeU/hSnx3IQIRgSfIIPFGl8Tu8=
github.com/tachyne/tachyne-common v0.1.1-0.20260925133335-4f2c01f27216/go.mod h1:0fDSCW2H9ZkF560RmWM3DFEPmW0PCdlvWdmxVVaINXU=
github.com/tachyne/tachyne-common v0.1.1-0.20260925134329-b9f88b83b194 h1:10B/Q/UYJqwkFjx1+JCrQdtNoijh3C+IZdfTNAXDhrY=
github.com/tachyne/tachyne-common v0.1.1-0.20260925134329-b9f88b83b194/go.mod h1:0fDSCW2H9ZkF560RmWM3DFEPmW0PCdlvWdmxVVaINXU=
golang.org/x/crypto v0.53.0 h1:QZ4Muo8THX6CizN2vPPd5fBGHyogrdK9fG4wLPFUsto=
golang.org/x/crypto v0.53.0/go.mod h1:DNLU434OwVakk9PzuwV8w62mAJpRJL3vsgcfp4Qnsio=
golang.org/x/sys v0.46.0 h1:noSf2Fq6F8DBgS+LysIkx7rIExoNHJsxOAtPp4rthXw=
golang.org/x/sys v0.46.0/go.mod h1:4GL1E5IUh+htKOUEOaiffhrAeqysfVGipDYzABqnCmw=
